{
  "requires": true,
  "lockfileVersion": 1,
  "dependencies": {
    "@types/bson": {
      "version": "4.0.2",
      "resolved": "https://registry.npmjs.org/@types/bson/-/bson-4.0.2.tgz",
      "integrity": "sha512-+uWmsejEHfmSjyyM/LkrP0orfE2m5Mx9Xel4tXNeqi1ldK5XMQcDsFkBmLDtuyKUbxj2jGDo0H240fbCRJZo7Q==",
      "requires": {
        "@types/node": "*"
      }
    },
    "@types/mongodb": {
      "version": "3.5.20",
      "resolved": "https://registry.npmjs.org/@types/mongodb/-/mongodb-3.5.20.tgz",
      "integrity": "sha512-BN0wJn670DkivxiP7ZW0InX4qBtX01qITaucD+3A+sTgPQo4XUYay0Y+sGM4MJ9OyKDRlb3RQuVAlyeWzl/NoA==",
      "requires": {
        "@types/bson": "*",
        "@types/node": "*"
      }
    },
    "@types/mongoose": {
      "version": "5.7.22",
      "resolved": "https://registry.npmjs.org/@types/mongoose/-/mongoose-5.7.22.tgz",
      "integrity": "sha512-oBl4oDbaSzEjyLBUb8h6p7bINdLxVlWHJfA5/6r1MWwu63tHDqUdHoc+CGc+VcmZ4P520Hz4Ps1RP3XMwufR/g==",
      "requires": {
        "@types/mongodb": "*",
        "@types/node": "*"
      }
    },
    "@types/node": {
      "version": "14.0.11",
      "resolved": "https://registry.npmjs.org/@types/node/-/node-14.0.11.tgz",
      "integrity": "sha512-lCvvI24L21ZVeIiyIUHZ5Oflv1hhHQ5E1S25IRlKIXaRkVgmXpJMI3wUJkmym2bTbCe+WoIibQnMVAU3FguaOg=="
    }
  }
}
